lockfileVersion: '9.0'

settings:
  autoInstallPeers: true
  excludeLinksFromLockfile: false

importers:

  .:
    dependencies:
      '@pothos/core':
        specifier: 4.10.0
        version: 4.10.0(graphql@16.12.0)
      '@pothos/plugin-prisma':
        specifier: 4.14.0
        version: 4.14.0(@pothos/core@4.10.0(graphql@16.12.0))(@prisma/client@6.19.0(prisma@6.19.0(typescript@5.9.3))(typescript@5.9.3))(graphql@16.12.0)(typescript@5.9.3)
      '@pothos/plugin-prisma-utils':
        specifier: 1.3.3
        version: 1.3.3(@pothos/core@4.10.0(graphql@16.12.0))(@pothos/plugin-prisma@4.14.0(@pothos/core@4.10.0(graphql@16.12.0))(@prisma/client@6.19.0(prisma@6.19.0(typescript@5.9.3))(typescript@5.9.3))(graphql@16.12.0)(typescript@5.9.3))(@prisma/client@6.19.0(prisma@6.19.0(typescript@5.9.3))(typescript@5.9.3))(graphql@16.12.0)
      '@pothos/plugin-relay':
        specifier: 4.6.2
        version: 4.6.2(@pothos/core@4.10.0(graphql@16.12.0))(graphql@16.12.0)
      '@prisma/client':
        specifier: 6.19.0
        version: 6.19.0(prisma@6.19.0(typescript@5.9.3))(typescript@5.9.3)
      graphql:
        specifier: 16.12.0
        version: 16.12.0
      graphql-scalars:
        specifier: ^1.25.0
        version: 1.25.0(graphql@16.12.0)
      graphql-yoga:
        specifier: 5.17.1
        version: 5.17.1(graphql@16.12.0)
      prisma:
        specifier: 6.19.0
        version: 6.19.0(typescript@5.9.3)
    devDependencies:
      '@types/node':
        specifier: 20.19.26
        version: 20.19.26
      ts-node:
        specifier: 10.9.2
        version: 10.9.2(@types/node@20.19.26)(typescript@5.9.3)
      typescript:
        specifier: 5.9.3
        version: 5.9.3

packages:

  '@cspotcode/source-map-support@0.8.1':
    resolution: {integrity: sha512-IchNf6dN4tHoMFIn/7OE8LWZ19Y6q/67Bmf6vnGREv8RSbBVb9LPJxEcnwrcwX6ixSvaiGoomAUvu4YSxXrVgw==}
    engines: {node: '>=12'}

  '@envelop/core@5.4.0':
    resolution: {integrity: sha512-/1fat63pySE8rw/dZZArEVytLD90JApY85deDJ0/34gm+yhQ3k70CloSUevxoOE4YCGveG3s9SJJfQeeB4NAtQ==}
    engines: {node: '>=18.0.0'}

  '@envelop/instrumentation@1.0.0':
    resolution: {integrity: sha512-cxgkB66RQB95H3X27jlnxCRNTmPuSTgmBAq6/4n2Dtv4hsk4yz8FadA1ggmd0uZzvKqWD6CR+WFgTjhDqg7eyw==}
    engines: {node: '>=18.0.0'}

  '@envelop/types@5.2.1':
    resolution: {integrity: sha512-CsFmA3u3c2QoLDTfEpGr4t25fjMU31nyvse7IzWTvb0ZycuPjMjb0fjlheh+PbhBYb9YLugnT2uY6Mwcg1o+Zg==}
    engines: {node: '>=18.0.0'}

  '@fastify/busboy@3.2.0':
    resolution: {integrity: sha512-m9FVDXU3GT2ITSe0UaMA5rU3QkfC/UXtCU8y0gSN/GugTqtVldOBWIB5V6V3sbmenVZUIpU6f+mPEO2+m5iTaA==}

  '@graphql-tools/executor@1.5.0':
    resolution: {integrity: sha512-3HzAxfexmynEWwRB56t/BT+xYKEYLGPvJudR1jfs+XZX8bpfqujEhqVFoxmkpEE8BbFcKuBNoQyGkTi1eFJ+hA==}
    engines: {node: '>=16.0.0'}
    peerDependencies:
      graphql: ^14.0.0 || ^15.0.0 || ^16.0.0 || ^17.0.0

  '@graphql-tools/merge@9.1.6':
    resolution: {integrity: sha512-bTnP+4oom4nDjmkS3Ykbe+ljAp/RIiWP3R35COMmuucS24iQxGLa9Hn8VMkLIoaoPxgz6xk+dbC43jtkNsFoBw==}
    engines: {node: '>=16.0.0'}
    peerDependencies:
      graphql: ^14.0.0 || ^15.0.0 || ^16.0.0 || ^17.0.0

  '@graphql-tools/schema@10.0.30':
    resolution: {integrity: sha512-yPXU17uM/LR90t92yYQqn9mAJNOVZJc0nQtYeZyZeQZeQjwIGlTubvvoDL0fFVk+wZzs4YQOgds2NwSA4npodA==}
    engines: {node: '>=16.0.0'}
    peerDependencies:
      graphql: ^14.0.0 || ^15.0.0 || ^16.0.0 || ^17.0.0

  '@graphql-tools/utils@10.11.0':
    resolution: {integrity: sha512-iBFR9GXIs0gCD+yc3hoNswViL1O5josI33dUqiNStFI/MHLCEPduasceAcazRH77YONKNiviHBV8f7OgcT4o2Q==}
    engines: {node: '>=16.0.0'}
    peerDependencies:
      graphql: ^14.0.0 || ^15.0.0 || ^16.0.0 || ^17.0.0

  '@graphql-typed-document-node/core@3.2.0':
    resolution: {integrity: sha512-mB9oAsNCm9aM3/SOv4YtBMqZbYj10R7dkq8byBqxGY/ncFwhf2oQzMV+LCRlWoDSEBJ3COiR1yeDvMtsoOsuFQ==}
    peerDependencies:
      graphql: ^0.8.0 || ^0.9.0 || ^0.10.0 || ^0.11.0 || ^0.12.0 || ^0.13.0 || ^14.0.0 || ^15.0.0 || ^16.0.0 || ^17.0.0

  '@graphql-yoga/logger@2.0.1':
    resolution: {integrity: sha512-Nv0BoDGLMg9QBKy9cIswQ3/6aKaKjlTh87x3GiBg2Z4RrjyrM48DvOOK0pJh1C1At+b0mUIM67cwZcFTDLN4sA==}
    engines: {node: '>=18.0.0'}

  '@graphql-yoga/subscription@5.0.5':
    resolution: {integrity: sha512-oCMWOqFs6QV96/NZRt/ZhTQvzjkGB4YohBOpKM4jH/lDT4qb7Lex/aGCxpi/JD9njw3zBBtMqxbaC22+tFHVvw==}
    engines: {node: '>=18.0.0'}

  '@graphql-yoga/typed-event-target@3.0.2':
    resolution: {integrity: sha512-ZpJxMqB+Qfe3rp6uszCQoag4nSw42icURnBRfFYSOmTgEeOe4rD0vYlbA8spvCu2TlCesNTlEN9BLWtQqLxabA==}
    engines: {node: '>=18.0.0'}

  '@jridgewell/resolve-uri@3.1.2':
    resolution: {integrity: sha512-bRISgCIjP20/tbWSPWMEi54QVPRZExkuD9lJL+UIxUKtwVJA8wW1Trb1jMs1RFXo1CBTNZ/5hpC9QvmKWdopKw==}
    engines: {node: '>=6.0.0'}

  '@jridgewell/sourcemap-codec@1.5.5':
    resolution: {integrity: sha512-cYQ9310grqxueWbl+WuIUIaiUaDcj7WOq5fVhEljNVgRfOUhY9fy2zTvfoqWsnebh8Sl70VScFbICvJnLKB0Og==}

  '@jridgewell/trace-mapping@0.3.9':
    resolution: {integrity: sha512-3Belt6tdc8bPgAtbcmdtNJlirVoTmEb5e2gC94PnkwEW9jI6CAHUeoG85tjWP5WquqfavoMtMwiG4P926ZKKuQ==}

  '@pothos/core@4.10.0':
    resolution: {integrity: sha512-spC7v6N80GfDKqt6ZSGELLu7EFDZsuQBb/oCqAtDwAe+HIL5T0STjv220IumLeC8lIAMgTaZMa/WnMNKkawbFg==}
    peerDependencies:
      graphql: ^16.10.0

  '@pothos/plugin-prisma-utils@1.3.3':
    resolution: {integrity: sha512-0LsikEUDC/7k4HWBu09lxQERFCMLSxxKTBwwxwD0zq0BfTPAmGh4iKeDl9f8oudooym94hcVJ4mmwO2w/eQbNQ==}
    peerDependencies:
      '@pothos/core': '*'
      '@pothos/plugin-prisma': '*'
      '@prisma/client': '*'
      graphql: ^16.10.0

  '@pothos/plugin-prisma@4.14.0':
    resolution: {integrity: sha512-u+3D0w+BBVDG8Kv2kWoBgmYSTzshXYO9A1cJW6EbFMHbFKfYtNsOCY2sgodBe7jb266khFrZLUqxZ0ALyVSzdg==}
    hasBin: true
    peerDependencies:
      '@pothos/core': '*'
      '@prisma/client': '*'
      graphql: ^16.10.0
      typescript: '>=4.7.2'

  '@pothos/plugin-relay@4.6.2':
    resolution: {integrity: sha512-9aweCv9T53z4+CmE+JF8QoXeAEd+wT/rZflZNzrvH6ln2Lj6qy/EVEcL5BMr6en3/IYHH+ROyHAAsy12t4uIUQ==}
    peerDependencies:
      '@pothos/core': '*'
      graphql: ^16.10.0

  '@prisma/client@6.19.0':
    resolution: {integrity: sha512-QXFT+N/bva/QI2qoXmjBzL7D6aliPffIwP+81AdTGq0FXDoLxLkWivGMawG8iM5B9BKfxLIXxfWWAF6wbuJU6g==}
    engines: {node: '>=18.18'}
    peerDependencies:
      prisma: '*'
      typescript: '>=5.1.0'
    peerDependenciesMeta:
      prisma:
        optional: true
      typescript:
        optional: true

  '@prisma/config@6.19.0':
    resolution: {integrity: sha512-zwCayme+NzI/WfrvFEtkFhhOaZb/hI+X8TTjzjJ252VbPxAl2hWHK5NMczmnG9sXck2lsXrxIZuK524E25UNmg==}

  '@prisma/debug@6.19.0':
    resolution: {integrity: sha512-8hAdGG7JmxrzFcTzXZajlQCidX0XNkMJkpqtfbLV54wC6LSSX6Vni25W/G+nAANwLnZ2TmwkfIuWetA7jJxJFA==}

  '@prisma/debug@6.19.1':
    resolution: {integrity: sha512-h1JImhlAd/s5nhY/e9qkAzausWldbeT+e4nZF7A4zjDYBF4BZmKDt4y0jK7EZapqOm1kW7V0e9agV/iFDy3fWw==}

  '@prisma/debug@7.2.0':
    resolution: {integrity: sha512-YSGTiSlBAVJPzX4ONZmMotL+ozJwQjRmZweQNIq/ER0tQJKJynNkRB3kyvt37eOfsbMCXk3gnLF6J9OJ4QWftw==}

  '@prisma/dmmf@6.19.1':
    resolution: {integrity: sha512-QY6z6GBt1ySavs2I6VxXJFhPV2wabkookKjLsK/GFygZ0tmDmki0iutS8Mv0fQs3O8vk1t+1x3rZjJHqy/6OSw==}

  '@prisma/dmmf@7.2.0':
    resolution: {integrity: sha512-w+hAFGH34+Ed+y7AhK3FL6ExwPu5Ym2uyadqlTEn8yyXereHRD8qO9tQfgTIJuUqF0G2JZXBVrNuqvRVVvSZdg==}

  '@prisma/engines-version@6.19.0-26.2ba551f319ab1df4bc874a89965d8b3641056773':
    resolution: {integrity: sha512-gV7uOBQfAFlWDvPJdQxMT1aSRur3a0EkU/6cfbAC5isV67tKDWUrPauyaHNpB+wN1ebM4A9jn/f4gH+3iHSYSQ==}

  '@prisma/engines@6.19.0':
    resolution: {integrity: sha512-pMRJ+1S6NVdXoB8QJAPIGpKZevFjxhKt0paCkRDTZiczKb7F4yTgRP8M4JdVkpQwmaD4EoJf6qA+p61godDokw==}

  '@prisma/fetch-engine@6.19.0':
    resolution: {integrity: sha512-OOx2Lda0DGrZ1rodADT06ZGqHzr7HY7LNMaFE2Vp8dp146uJld58sRuasdX0OiwpHgl8SqDTUKHNUyzEq7pDdQ==}

  '@prisma/generator-helper@6.19.1':
    resolution: {integrity: sha512-/q5JlaWIthJ5wpx7Y7e9pstAeUpGt7vXMKK/yQhZ000fOKnLySNqlt/5bHXT4TO4P2Apjwb/bM0GwTGMV6D+eA==}

  '@prisma/generator-helper@7.2.0':
    resolution: {integrity: sha512-PTz/2mrLlj6ITgvEeubEe+CoSt5GsyFI+3xqnBS27h2r4fYFA6i1TLKjIq8m82GZERN9J/Awwdjw90hdAQSOHg==}

  '@prisma/generator@6.19.1':
    resolution: {integrity: sha512-q/JOCDQg8S0l5dM9HXWszTKHVZzwvYB/8aFNln2FDcTGB2YeO9Q7nKTMnYfezip6RE/lCcxz5rZ+YXWr62XUwQ==}

  '@prisma/generator@7.2.0':
    resolution: {integrity: sha512-EucIFLF/aGmXB2qrjPhjGnL2E0urFuYg1o1+DzFLecoJzZtpRD+nJQt9ZbxKSU6a7PjX3KROOzAEPb3ItaAATA==}

  '@prisma/get-platform@6.19.0':
    resolution: {integrity: sha512-ym85WDO2yDhC3fIXHWYpG3kVMBA49cL1XD2GCsCF8xbwoy2OkDQY44gEbAt2X46IQ4Apq9H6g0Ex1iFfPqEkHA==}

  '@repeaterjs/repeater@3.0.6':
    resolution: {integrity: sha512-Javneu5lsuhwNCryN+pXH93VPQ8g0dBX7wItHFgYiwQmzE1sVdg5tWHiOgHywzL2W21XQopa7IwIEnNbmeUJYA==}

  '@standard-schema/spec@1.1.0':
    resolution: {integrity: sha512-l2aFy5jALhniG5HgqrD6jXLi/rUWrKvqN/qJx6yoJsgKhblVd+iqqU4RCXavm/jPityDo5TCvKMnpjKnOriy0w==}

  '@tsconfig/node10@1.0.12':
    resolution: {integrity: sha512-UCYBaeFvM11aU2y3YPZ//O5Rhj+xKyzy7mvcIoAjASbigy8mHMryP5cK7dgjlz2hWxh1g5pLw084E0a/wlUSFQ==}

  '@tsconfig/node12@1.0.11':
    resolution: {integrity: sha512-cqefuRsh12pWyGsIoBKJA9luFu3mRxCA+ORZvA4ktLSzIuCUtWVxGIuXigEwO5/ywWFMZ2QEGKWvkZG1zDMTag==}

  '@tsconfig/node14@1.0.3':
    resolution: {integrity: sha512-ysT8mhdixWK6Hw3i1V2AeRqZ5WfXg1G43mqoYlM2nc6388Fq5jcXyr5mRsqViLx/GJYdoL0bfXD8nmF+Zn/Iow==}

  '@tsconfig/node16@1.0.4':
    resolution: {integrity: sha512-vxhUy4J8lyeyinH7Azl1pdd43GJhZH/tP2weN8TntQblOY+A0XbT8DJk1/oCPuOOyg/Ja757rG0CgHcWC8OfMA==}

  '@types/node@20.19.26':
    resolution: {integrity: sha512-0l6cjgF0XnihUpndDhk+nyD3exio3iKaYROSgvh/qSevPXax3L8p5DBRFjbvalnwatGgHEQn2R88y2fA3g4irg==}

  '@whatwg-node/disposablestack@0.0.6':
    resolution: {integrity: sha512-LOtTn+JgJvX8WfBVJtF08TGrdjuFzGJc4mkP8EdDI8ADbvO7kiexYep1o8dwnt0okb0jYclCDXF13xU7Ge4zSw==}
    engines: {node: '>=18.0.0'}

  '@whatwg-node/events@0.1.2':
    resolution: {integrity: sha512-ApcWxkrs1WmEMS2CaLLFUEem/49erT3sxIVjpzU5f6zmVcnijtDSrhoK2zVobOIikZJdH63jdAXOrvjf6eOUNQ==}
    engines: {node: '>=18.0.0'}

  '@whatwg-node/fetch@0.10.13':
    resolution: {integrity: sha512-b4PhJ+zYj4357zwk4TTuF2nEe0vVtOrwdsrNo5hL+u1ojXNhh1FgJ6pg1jzDlwlT4oBdzfSwaBwMCtFCsIWg8Q==}
    engines: {node: '>=18.0.0'}

  '@whatwg-node/node-fetch@0.8.4':
    resolution: {integrity: sha512-AlKLc57loGoyYlrzDbejB9EeR+pfdJdGzbYnkEuZaGekFboBwzfVYVMsy88PMriqPI1ORpiGYGgSSWpx7a2sDA==}
    engines: {node: '>=18.0.0'}

  '@whatwg-node/promise-helpers@1.3.2':
    resolution: {integrity: sha512-Nst5JdK47VIl9UcGwtv2Rcgyn5lWtZ0/mhRQ4G8NN2isxpq2TO30iqHzmwoJycjWuyUfg3GFXqP/gFHXeV57IA==}
    engines: {node: '>=16.0.0'}

  '@whatwg-node/server@0.10.17':
    resolution: {integrity: sha512-QxI+HQfJeI/UscFNCTcSri6nrHP25mtyAMbhEri7W2ctdb3EsorPuJz7IovSgNjvKVs73dg9Fmayewx1O2xOxA==}
    engines: {node: '>=18.0.0'}

  acorn-walk@8.3.4:
    resolution: {integrity: sha512-ueEepnujpqee2o5aIYnvHU6C0A42MNdsIDeqy5BydrkuC5R1ZuUFnm27EeFJGoEHJQgn3uleRvmTXaJgfXbt4g==}
    engines: {node: '>=0.4.0'}

  acorn@8.15.0:
    resolution: {integrity: sha512-NZyJarBfL7nWwIq+FDL6Zp/yHEhePMNnnJ0y3qfieCrmNvYct8uvtiV41UvlSe6apAfk0fY1FbWx+NwfmpvtTg==}
    engines: {node: '>=0.4.0'}
    hasBin: true

  arg@4.1.3:
    resolution: {integrity: sha512-58S9QDqG0Xx27YwPSt9fJxivjYl432YCwfDMfZ+71RAqUrZef7LrKQZ3LHLOwCS4FLNBplP533Zx895SeOCHvA==}

  c12@3.1.0:
    resolution: {integrity: sha512-uWoS8OU1MEIsOv8p/5a82c3H31LsWVR5qiyXVfBNOzfffjUWtPnhAb4BYI2uG2HfGmZmFjCtui5XNWaps+iFuw==}
    peerDependencies:
      magicast: ^0.3.5
    peerDependenciesMeta:
      magicast:
        optional: true

  chokidar@4.0.3:
    resolution: {integrity: sha512-Qgzu8kfBvo+cA4962jnP1KkS6Dop5NS6g7R5LFYJr4b8Ub94PPQXUksCw9PvXoeXPRRddRNC5C1JQUR2SMGtnA==}
    engines: {node: '>= 14.16.0'}

  citty@0.1.6:
    resolution: {integrity: sha512-tskPPKEs8D2KPafUypv2gxwJP8h/OaJmC82QQGGDQcHvXX43xF2VDACcJVmZ0EuSxkpO9Kc4MlrA3q0+FG58AQ==}

  confbox@0.2.2:
    resolution: {integrity: sha512-1NB+BKqhtNipMsov4xI/NnhCKp9XG9NamYp5PVm9klAT0fsrNPjaFICsCFhNhwZJKNh7zB/3q8qXz0E9oaMNtQ==}

  consola@3.4.2:
    resolution: {integrity: sha512-5IKcdX0nnYavi6G7TtOhwkYzyjfJlatbjMjuLSfE2kYT5pMDOilZ4OvMhi637CcDICTmz3wARPoyhqyX1Y+XvA==}
    engines: {node: ^14.18.0 || >=16.10.0}

  create-require@1.1.1:
    resolution: {integrity: sha512-dcKFX3jn0MpIaXjisoRvexIJVEKzaq7z2rZKxf+MSr9TkdmHmsU4m2lcLojrj/FHl8mk5VxMmYA+ftRkP/3oKQ==}

  cross-inspect@1.0.1:
    resolution: {integrity: sha512-Pcw1JTvZLSJH83iiGWt6fRcT+BjZlCDRVwYLbUcHzv/CRpB7r0MlSrGbIyQvVSNyGnbt7G4AXuyCiDR3POvZ1A==}
    engines: {node: '>=16.0.0'}

  deepmerge-ts@7.1.5:
    resolution: {integrity: sha512-HOJkrhaYsweh+W+e74Yn7YStZOilkoPb6fycpwNLKzSPtruFs48nYis0zy5yJz1+ktUhHxoRDJ27RQAWLIJVJw==}
    engines: {node: '>=16.0.0'}

  defu@6.1.4:
    resolution: {integrity: sha512-mEQCMmwJu317oSz8CwdIOdwf3xMif1ttiM8LTufzc3g6kR+9Pe236twL8j3IYT1F7GfRgGcW6MWxzZjLIkuHIg==}

  destr@2.0.5:
    resolution: {integrity: sha512-ugFTXCtDZunbzasqBxrK93Ik/DRYsO6S/fedkWEMKqt04xZ4csmnmwGDBAb07QWNaGMAmnTIemsYZCksjATwsA==}

  diff@4.0.2:
    resolution: {integrity: sha512-58lmxKSA4BNyLz+HHMUzlOEpg09FV+ev6ZMe3vJihgdxzgcwZ8VoEEPmALCZG9LmqfVoNMMKpttIYTVG6uDY7A==}
    engines: {node: '>=0.3.1'}

  dotenv@16.6.1:
    resolution: {integrity: sha512-uBq4egWHTcTt33a72vpSG0z3HnPuIl6NqYcTrKEg2azoEyl2hpW0zqlxysq2pK9HlDIHyHyakeYaYnSAwd8bow==}
    engines: {node: '>=12'}

  effect@3.18.4:
    resolution: {integrity: sha512-b1LXQJLe9D11wfnOKAk3PKxuqYshQ0Heez+y5pnkd3jLj1yx9QhM72zZ9uUrOQyNvrs2GZZd/3maL0ZV18YuDA==}

  empathic@2.0.0:
    resolution: {integrity: sha512-i6UzDscO/XfAcNYD75CfICkmfLedpyPDdozrLMmQc5ORaQcdMoc21OnlEylMIqI7U8eniKrPMxxtj8k0vhmJhA==}
    engines: {node: '>=14'}

  exsolve@1.0.8:
    resolution: {integrity: sha512-LmDxfWXwcTArk8fUEnOfSZpHOJ6zOMUJKOtFLFqJLoKJetuQG874Uc7/Kki7zFLzYybmZhp1M7+98pfMqeX8yA==}

  fast-check@3.23.2:
    resolution: {integrity: sha512-h5+1OzzfCC3Ef7VbtKdcv7zsstUQwUDlYpUTvjeUsJAssPgLn7QzbboPtL5ro04Mq0rPOsMzl7q5hIbRs2wD1A==}
    engines: {node: '>=8.0.0'}

  giget@2.0.0:
    resolution: {integrity: sha512-L5bGsVkxJbJgdnwyuheIunkGatUF/zssUoxxjACCseZYAVbaqdh9Tsmmlkl8vYan09H7sbvKt4pS8GqKLBrEzA==}
    hasBin: true

  graphql-scalars@1.25.0:
    resolution: {integrity: sha512-b0xyXZeRFkne4Eq7NAnL400gStGqG/Sx9VqX0A05nHyEbv57UJnWKsjNnrpVqv5e/8N1MUxkt0wwcRXbiyKcFg==}
    engines: {node: '>=10'}
    peerDependencies:
      graphql: ^0.8.0 || ^0.9.0 || ^0.10.0 || ^0.11.0 || ^0.12.0 || ^0.13.0 || ^14.0.0 || ^15.0.0 || ^16.0.0

  graphql-yoga@5.17.1:
    resolution: {integrity: sha512-Izb2uVWfdoWm+tF4bi39KE6F4uml3r700/EwULPZYOciY8inmy4hw+98c6agy3C+xceXvTkP7Li6mY/EI8XliA==}
    engines: {node: '>=18.0.0'}
    peerDependencies:
      graphql: ^15.2.0 || ^16.0.0

  graphql@16.12.0:
    resolution: {integrity: sha512-DKKrynuQRne0PNpEbzuEdHlYOMksHSUI8Zc9Unei5gTsMNA2/vMpoMz/yKba50pejK56qj98qM0SjYxAKi13gQ==}
    engines: {node: ^12.22.0 || ^14.16.0 || ^16.0.0 || >=17.0.0}

  jiti@2.6.1:
    resolution: {integrity: sha512-ekilCSN1jwRvIbgeg/57YFh8qQDNbwDb9xT/qu2DAHbFFZUicIl4ygVaAvzveMhMVr3LnpSKTNnwt8PoOfmKhQ==}
    hasBin: true

  lru-cache@10.4.3:
    resolution: {integrity: sha512-JNAzZcXrCt42VGLuYz0zfAzDfAvJWW6AfYlDBQyDV5DClI2m5sAmK+OIO7s59XfsRsWHp02jAJrRadPRGTt6SQ==}

  make-error@1.3.6:
    resolution: {integrity: sha512-s8UhlNe7vPKomQhC1qFelMokr/Sc3AgNbso3n74mVPA5LTZwkB9NlXf4XPamLxJE8h0gh73rM94xvwRT2CVInw==}

  node-fetch-native@1.6.7:
    resolution: {integrity: sha512-g9yhqoedzIUm0nTnTqAQvueMPVOuIY16bqgAJJC8XOOubYFNwz6IER9qs0Gq2Xd0+CecCKFjtdDTMA4u4xG06Q==}

  nypm@0.6.2:
    resolution: {integrity: sha512-7eM+hpOtrKrBDCh7Ypu2lJ9Z7PNZBdi/8AT3AX8xoCj43BBVHD0hPSTEvMtkMpfs8FCqBGhxB+uToIQimA111g==}
    engines: {node: ^14.16.0 || >=16.10.0}
    hasBin: true

  ohash@2.0.11:
    resolution: {integrity: sha512-RdR9FQrFwNBNXAr4GixM8YaRZRJ5PUWbKYbE5eOsrwAjJW0q2REGcf79oYPsLyskQCZG1PLN+S/K1V00joZAoQ==}

  pathe@2.0.3:
    resolution: {integrity: sha512-WUjGcAqP1gQacoQe+OBJsFA7Ld4DyXuUIjZ5cc75cLHvJ7dtNsTugphxIADwspS+AraAUePCKrSVtPLFj/F88w==}

  perfect-debounce@1.0.0:
    resolution: {integrity: sha512-xCy9V055GLEqoFaHoC1SoLIaLmWctgCUaBaWxDZ7/Zx4CTyX7cJQLJOok/orfjZAh9kEYpjJa4d0KcJmCbctZA==}

  pkg-types@2.3.0:
    resolution: {integrity: sha512-SIqCzDRg0s9npO5XQ3tNZioRY1uK06lA41ynBC1YmFTmnY6FjUjVt6s4LoADmwoig1qqD0oK8h1p/8mlMx8Oig==}

  prisma@6.19.0:
    resolution: {integrity: sha512-F3eX7K+tWpkbhl3l4+VkFtrwJlLXbAM+f9jolgoUZbFcm1DgHZ4cq9AgVEgUym2au5Ad/TDLN8lg83D+M10ycw==}
    engines: {node: '>=18.18'}
    hasBin: true
    peerDependencies:
      typescript: '>=5.1.0'
    peerDependenciesMeta:
      typescript:
        optional: true

  pure-rand@6.1.0:
    resolution: {integrity: sha512-bVWawvoZoBYpp6yIoQtQXHZjmz35RSVHnUOTefl8Vcjr8snTPY1wnpSPMWekcFwbxI6gtmT7rSYPFvz71ldiOA==}

  rc9@2.1.2:
    resolution: {integrity: sha512-btXCnMmRIBINM2LDZoEmOogIZU7Qe7zn4BpomSKZ/ykbLObuBdvG+mFq11DL6fjH1DRwHhrlgtYWG96bJiC7Cg==}

  readdirp@4.1.2:
    resolution: {integrity: sha512-GDhwkLfywWL2s6vEjyhri+eXmfH6j1L7JE27WhqLeYzoh/A3DBaYGEj2H/HFZCn/kMfim73FXxEJTw06WtxQwg==}
    engines: {node: '>= 14.18.0'}

  tinyexec@1.0.2:
    resolution: {integrity: sha512-W/KYk+NFhkmsYpuHq5JykngiOCnxeVL8v8dFnqxSD8qEEdRfXk1SDM6JzNqcERbcGYj9tMrDQBYV9cjgnunFIg==}
    engines: {node: '>=18'}

  ts-node@10.9.2:
    resolution: {integrity: sha512-f0FFpIdcHgn8zcPSbf1dRevwt047YMnaiJM3u2w2RewrB+fob/zePZcrOyQoLMMO7aBIddLcQIEK5dYjkLnGrQ==}
    hasBin: true
    peerDependencies:
      '@swc/core': '>=1.2.50'
      '@swc/wasm': '>=1.2.50'
      '@types/node': '*'
      typescript: '>=2.7'
    peerDependenciesMeta:
      '@swc/core':
        optional: true
      '@swc/wasm':
        optional: true

  tslib@2.8.1:
    resolution: {integrity: sha512-oJFu94HQb+KVduSUQL7wnpmqnfmLsOA/nAh6b6EH0wCEoK0/mPeXU6c3wKDV83MkOuHPRHtSXKKU99IBazS/2w==}

  typescript@5.9.3:
    resolution: {integrity: sha512-jl1vZzPDinLr9eUt3J/t7V6FgNEw9QjvBPdysz9KfQDD41fQrC2Y4vKQdiaUpFT4bXlb1RHhLpp8wtm6M5TgSw==}
    engines: {node: '>=14.17'}
    hasBin: true

  undici-types@6.21.0:
    resolution: {integrity: sha512-iwDZqg0QAGrg9Rav5H4n0M64c3mkR59cJ6wQp+7C4nI0gsmExaedaYLNO44eT4AtBBwjbTiGPMlt2Md0T9H9JQ==}

  urlpattern-polyfill@10.1.0:
    resolution: {integrity: sha512-IGjKp/o0NL3Bso1PymYURCJxMPNAf/ILOpendP9f5B6e1rTJgdgiOvgfoT8VxCAdY+Wisb9uhGaJJf3yZ2V9nw==}

  v8-compile-cache-lib@3.0.1:
    resolution: {integrity: sha512-wa7YjyUGfNZngI/vtK0UHAN+lgDCxBPCylVXGp0zu59Fz5aiGtNXaq3DhIov063MorB+VfufLh3JlF2KdTK3xg==}

  yn@3.1.1:
    resolution: {integrity: sha512-Ux4ygGWsu2c7isFWe8Yu1YluJmqVhxqK2cLXNQA5AcC3QfbGNpM7fu0Y8b/z16pXLnFxZYvWhd3fhBY9DLmC6Q==}
    engines: {node: '>=6'}

snapshots:

  '@cspotcode/source-map-support@0.8.1':
    dependencies:
      '@jridgewell/trace-mapping': 0.3.9

  '@envelop/core@5.4.0':
    dependencies:
      '@envelop/instrumentation': 1.0.0
      '@envelop/types': 5.2.1
      '@whatwg-node/promise-helpers': 1.3.2
      tslib: 2.8.1

  '@envelop/instrumentation@1.0.0':
    dependencies:
      '@whatwg-node/promise-helpers': 1.3.2
      tslib: 2.8.1

  '@envelop/types@5.2.1':
    dependencies:
      '@whatwg-node/promise-helpers': 1.3.2
      tslib: 2.8.1

  '@fastify/busboy@3.2.0': {}

  '@graphql-tools/executor@1.5.0(graphql@16.12.0)':
    dependencies:
      '@graphql-tools/utils': 10.11.0(graphql@16.12.0)
      '@graphql-typed-document-node/core': 3.2.0(graphql@16.12.0)
      '@repeaterjs/repeater': 3.0.6
      '@whatwg-node/disposablestack': 0.0.6
      '@whatwg-node/promise-helpers': 1.3.2
      graphql: 16.12.0
      tslib: 2.8.1

  '@graphql-tools/merge@9.1.6(graphql@16.12.0)':
    dependencies:
      '@graphql-tools/utils': 10.11.0(graphql@16.12.0)
      graphql: 16.12.0
      tslib: 2.8.1

  '@graphql-tools/schema@10.0.30(graphql@16.12.0)':
    dependencies:
      '@graphql-tools/merge': 9.1.6(graphql@16.12.0)
      '@graphql-tools/utils': 10.11.0(graphql@16.12.0)
      graphql: 16.12.0
      tslib: 2.8.1

  '@graphql-tools/utils@10.11.0(graphql@16.12.0)':
    dependencies:
      '@graphql-typed-document-node/core': 3.2.0(graphql@16.12.0)
      '@whatwg-node/promise-helpers': 1.3.2
      cross-inspect: 1.0.1
      graphql: 16.12.0
      tslib: 2.8.1

  '@graphql-typed-document-node/core@3.2.0(graphql@16.12.0)':
    dependencies:
      graphql: 16.12.0

  '@graphql-yoga/logger@2.0.1':
    dependencies:
      tslib: 2.8.1

  '@graphql-yoga/subscription@5.0.5':
    dependencies:
      '@graphql-yoga/typed-event-target': 3.0.2
      '@repeaterjs/repeater': 3.0.6
      '@whatwg-node/events': 0.1.2
      tslib: 2.8.1

  '@graphql-yoga/typed-event-target@3.0.2':
    dependencies:
      '@repeaterjs/repeater': 3.0.6
      tslib: 2.8.1

  '@jridgewell/resolve-uri@3.1.2': {}

  '@jridgewell/sourcemap-codec@1.5.5': {}

  '@jridgewell/trace-mapping@0.3.9':
    dependencies:
      '@jridgewell/resolve-uri': 3.1.2
      '@jridgewell/sourcemap-codec': 1.5.5

  '@pothos/core@4.10.0(graphql@16.12.0)':
    dependencies:
      graphql: 16.12.0

  '@pothos/plugin-prisma-utils@1.3.3(@pothos/core@4.10.0(graphql@16.12.0))(@pothos/plugin-prisma@4.14.0(@pothos/core@4.10.0(graphql@16.12.0))(@prisma/client@6.19.0(prisma@6.19.0(typescript@5.9.3))(typescript@5.9.3))(graphql@16.12.0)(typescript@5.9.3))(@prisma/client@6.19.0(prisma@6.19.0(typescript@5.9.3))(typescript@5.9.3))(graphql@16.12.0)':
    dependencies:
      '@pothos/core': 4.10.0(graphql@16.12.0)
      '@pothos/plugin-prisma': 4.14.0(@pothos/core@4.10.0(graphql@16.12.0))(@prisma/client@6.19.0(prisma@6.19.0(typescript@5.9.3))(typescript@5.9.3))(graphql@16.12.0)(typescript@5.9.3)
      '@prisma/client': 6.19.0(prisma@6.19.0(typescript@5.9.3))(typescript@5.9.3)
      '@prisma/generator-helper': 6.19.1
      graphql: 16.12.0

  '@pothos/plugin-prisma@4.14.0(@pothos/core@4.10.0(graphql@16.12.0))(@prisma/client@6.19.0(prisma@6.19.0(typescript@5.9.3))(typescript@5.9.3))(graphql@16.12.0)(typescript@5.9.3)':
    dependencies:
      '@pothos/core': 4.10.0(graphql@16.12.0)
      '@prisma/client': 6.19.0(prisma@6.19.0(typescript@5.9.3))(typescript@5.9.3)
      '@prisma/generator-helper': 7.2.0
      graphql: 16.12.0
      typescript: 5.9.3

  '@pothos/plugin-relay@4.6.2(@pothos/core@4.10.0(graphql@16.12.0))(graphql@16.12.0)':
    dependencies:
      '@pothos/core': 4.10.0(graphql@16.12.0)
      graphql: 16.12.0

  '@prisma/client@6.19.0(prisma@6.19.0(typescript@5.9.3))(typescript@5.9.3)':
    optionalDependencies:
      prisma: 6.19.0(typescript@5.9.3)
      typescript: 5.9.3

  '@prisma/config@6.19.0':
    dependencies:
      c12: 3.1.0
      deepmerge-ts: 7.1.5
      effect: 3.18.4
      empathic: 2.0.0
    transitivePeerDependencies:
      - magicast

  '@prisma/debug@6.19.0': {}

  '@prisma/debug@6.19.1': {}

  '@prisma/debug@7.2.0': {}

  '@prisma/dmmf@6.19.1': {}

  '@prisma/dmmf@7.2.0': {}

  '@prisma/engines-version@6.19.0-26.2ba551f319ab1df4bc874a89965d8b3641056773': {}

  '@prisma/engines@6.19.0':
    dependencies:
      '@prisma/debug': 6.19.0
      '@prisma/engines-version': 6.19.0-26.2ba551f319ab1df4bc874a89965d8b3641056773
      '@prisma/fetch-engine': 6.19.0
      '@prisma/get-platform': 6.19.0

  '@prisma/fetch-engine@6.19.0':
    dependencies:
      '@prisma/debug': 6.19.0
      '@prisma/engines-version': 6.19.0-26.2ba551f319ab1df4bc874a89965d8b3641056773
      '@prisma/get-platform': 6.19.0

  '@prisma/generator-helper@6.19.1':
    dependencies:
      '@prisma/debug': 6.19.1
      '@prisma/dmmf': 6.19.1
      '@prisma/generator': 6.19.1

  '@prisma/generator-helper@7.2.0':
    dependencies:
      '@prisma/debug': 7.2.0
      '@prisma/dmmf': 7.2.0
      '@prisma/generator': 7.2.0

  '@prisma/generator@6.19.1': {}

  '@prisma/generator@7.2.0': {}

  '@prisma/get-platform@6.19.0':
    dependencies:
      '@prisma/debug': 6.19.0

  '@repeaterjs/repeater@3.0.6': {}

  '@standard-schema/spec@1.1.0': {}

  '@tsconfig/node10@1.0.12': {}

  '@tsconfig/node12@1.0.11': {}

  '@tsconfig/node14@1.0.3': {}

  '@tsconfig/node16@1.0.4': {}

  '@types/node@20.19.26':
    dependencies:
      undici-types: 6.21.0

  '@whatwg-node/disposablestack@0.0.6':
    dependencies:
      '@whatwg-node/promise-helpers': 1.3.2
      tslib: 2.8.1

  '@whatwg-node/events@0.1.2':
    dependencies:
      tslib: 2.8.1

  '@whatwg-node/fetch@0.10.13':
    dependencies:
      '@whatwg-node/node-fetch': 0.8.4
      urlpattern-polyfill: 10.1.0

  '@whatwg-node/node-fetch@0.8.4':
    dependencies:
      '@fastify/busboy': 3.2.0
      '@whatwg-node/disposablestack': 0.0.6
      '@whatwg-node/promise-helpers': 1.3.2
      tslib: 2.8.1

  '@whatwg-node/promise-helpers@1.3.2':
    dependencies:
      tslib: 2.8.1

  '@whatwg-node/server@0.10.17':
    dependencies:
      '@envelop/instrumentation': 1.0.0
      '@whatwg-node/disposablestack': 0.0.6
      '@whatwg-node/fetch': 0.10.13
      '@whatwg-node/promise-helpers': 1.3.2
      tslib: 2.8.1

  acorn-walk@8.3.4:
    dependencies:
      acorn: 8.15.0

  acorn@8.15.0: {}

  arg@4.1.3: {}

  c12@3.1.0:
    dependencies:
      chokidar: 4.0.3
      confbox: 0.2.2
      defu: 6.1.4
      dotenv: 16.6.1
      exsolve: 1.0.8
      giget: 2.0.0
      jiti: 2.6.1
      ohash: 2.0.11
      pathe: 2.0.3
      perfect-debounce: 1.0.0
      pkg-types: 2.3.0
      rc9: 2.1.2

  chokidar@4.0.3:
    dependencies:
      readdirp: 4.1.2

  citty@0.1.6:
    dependencies:
      consola: 3.4.2

  confbox@0.2.2: {}

  consola@3.4.2: {}

  create-require@1.1.1: {}

  cross-inspect@1.0.1:
    dependencies:
      tslib: 2.8.1

  deepmerge-ts@7.1.5: {}

  defu@6.1.4: {}

  destr@2.0.5: {}

  diff@4.0.2: {}

  dotenv@16.6.1: {}

  effect@3.18.4:
    dependencies:
      '@standard-schema/spec': 1.1.0
      fast-check: 3.23.2

  empathic@2.0.0: {}

  exsolve@1.0.8: {}

  fast-check@3.23.2:
    dependencies:
      pure-rand: 6.1.0

  giget@2.0.0:
    dependencies:
      citty: 0.1.6
      consola: 3.4.2
      defu: 6.1.4
      node-fetch-native: 1.6.7
      nypm: 0.6.2
      pathe: 2.0.3

  graphql-scalars@1.25.0(graphql@16.12.0):
    dependencies:
      graphql: 16.12.0
      tslib: 2.8.1

  graphql-yoga@5.17.1(graphql@16.12.0):
    dependencies:
      '@envelop/core': 5.4.0
      '@envelop/instrumentation': 1.0.0
      '@graphql-tools/executor': 1.5.0(graphql@16.12.0)
      '@graphql-tools/schema': 10.0.30(graphql@16.12.0)
      '@graphql-tools/utils': 10.11.0(graphql@16.12.0)
      '@graphql-yoga/logger': 2.0.1
      '@graphql-yoga/subscription': 5.0.5
      '@whatwg-node/fetch': 0.10.13
      '@whatwg-node/promise-helpers': 1.3.2
      '@whatwg-node/server': 0.10.17
      graphql: 16.12.0
      lru-cache: 10.4.3
      tslib: 2.8.1

  graphql@16.12.0: {}

  jiti@2.6.1: {}

  lru-cache@10.4.3: {}

  make-error@1.3.6: {}

  node-fetch-native@1.6.7: {}

  nypm@0.6.2:
    dependencies:
      citty: 0.1.6
      consola: 3.4.2
      pathe: 2.0.3
      pkg-types: 2.3.0
      tinyexec: 1.0.2

  ohash@2.0.11: {}

  pathe@2.0.3: {}

  perfect-debounce@1.0.0: {}

  pkg-types@2.3.0:
    dependencies:
      confbox: 0.2.2
      exsolve: 1.0.8
      pathe: 2.0.3

  prisma@6.19.0(typescript@5.9.3):
    dependencies:
      '@prisma/config': 6.19.0
      '@prisma/engines': 6.19.0
    optionalDependencies:
      typescript: 5.9.3
    transitivePeerDependencies:
      - magicast

  pure-rand@6.1.0: {}

  rc9@2.1.2:
    dependencies:
      defu: 6.1.4
      destr: 2.0.5

  readdirp@4.1.2: {}

  tinyexec@1.0.2: {}

  ts-node@10.9.2(@types/node@20.19.26)(typescript@5.9.3):
    dependencies:
      '@cspotcode/source-map-support': 0.8.1
      '@tsconfig/node10': 1.0.12
      '@tsconfig/node12': 1.0.11
      '@tsconfig/node14': 1.0.3
      '@tsconfig/node16': 1.0.4
      '@types/node': 20.19.26
      acorn: 8.15.0
      acorn-walk: 8.3.4
      arg: 4.1.3
      create-require: 1.1.1
      diff: 4.0.2
      make-error: 1.3.6
      typescript: 5.9.3
      v8-compile-cache-lib: 3.0.1
      yn: 3.1.1

  tslib@2.8.1: {}

  typescript@5.9.3: {}

  undici-types@6.21.0: {}

  urlpattern-polyfill@10.1.0: {}

  v8-compile-cache-lib@3.0.1: {}

  yn@3.1.1: {}
